
Microsoft Visual Studio Solution File, Format Version 12.00
# Visual Studio Version 17
VisualStudioVersion = 17.0.31717.71
MinimumVisualStudioVersion = 10.0.40219.1
Project("{2150E333-8FDC-42A3-9474-1A3956D46DE8}") = "src", "src", "{664A31C3-F419-4CA5-878D-E3939694303D}"
EndProject
Project("{2150E333-8FDC-42A3-9474-1A3956D46DE8}") = "ApiGateways", "ApiGateways", "{FC882EA8-2830-4820-897E-C7D07B6F9FB7}"
EndProject
Project("{2150E333-8FDC-42A3-9474-1A3956D46DE8}") = "Microservices", "Microservices", "{3152A27A-9360-474F-8519-E3A11CFD6DB9}"
EndProject
Project("{2150E333-8FDC-42A3-9474-1A3956D46DE8}") = "ProductService", "ProductService", "{46B47D92-1370-44C1-852E-EA2E999B522B}"
EndProject
Project("{9A19103F-16F7-4668-BE54-9A1E7A4F7556}") = "ApiGateway", "src\ApiGateways\ApiGateway\ApiGateway.csproj", "{9C01FECF-50E0-45FE-A1F5-18E932FB1883}"
EndProject
Project("{9A19103F-16F7-4668-BE54-9A1E7A4F7556}") = "Application", "src\Microservices\ProductService\Application\Application.csproj", "{ACCCFFD5-9BD6-4951-BAC4-DCBF08F1D1DE}"
EndProject
Project("{9A19103F-16F7-4668-BE54-9A1E7A4F7556}") = "Domain", "src\Microservices\ProductService\Domain\Domain.csproj", "{BE0B727F-612D-4CA0-AF17-D1F479316FB7}"
EndProject
Project("{9A19103F-16F7-4668-BE54-9A1E7A4F7556}") = "Infrastructure", "src\Microservices\ProductService\Infrastructure\Infrastructure.csproj", "{0005D456-AD57-4B5B-A453-D0B79465B171}"
EndProject
Project("{9A19103F-16F7-4668-BE54-9A1E7A4F7556}") = "WebUI", "src\Microservices\ProductService\WebUI\WebUI.csproj", "{86DFE64F-6AA8-4887-96FE-E0D2BB2B8B41}"
EndProject
Project("{2150E333-8FDC-42A3-9474-1A3956D46DE8}") = "AuthenticationService", "AuthenticationService", "{2CBB46E9-4A4D-4C47-8742-18717FD4A43F}"
EndProject
Project("{9A19103F-16F7-4668-BE54-9A1E7A4F7556}") = "AuthenticationServiceApi", "src\Microservices\AuthenticationService\AuthenticationServiceApi\AuthenticationServiceApi.csproj", "{FCBD1B94-99A8-414D-943C-DB836B7045DD}"
EndProject
Project("{FAE04EC0-301F-11D3-BF4B-00C04F79EFBC}") = "Application", "src\Microservices\AuthenticationService\Application\Application.csproj", "{720DA465-FE2C-40EF-93E9-0FD34A29E683}"
EndProject
Project("{FAE04EC0-301F-11D3-BF4B-00C04F79EFBC}") = "Domain", "src\Microservices\AuthenticationService\Domain\Domain.csproj", "{E7A3CA67-8D0B-4E54-98D2-6BACD831BE28}"
EndProject
Project("{FAE04EC0-301F-11D3-BF4B-00C04F79EFBC}") = "Infrastructure", "src\Microservices\AuthenticationService\Infrastructure\Infrastructure.csproj", "{9E7D464A-82D7-49AF-BC95-994533A08FD1}"
EndProject
Project("{FAE04EC0-301F-11D3-BF4B-00C04F79EFBC}") = "WebUI", "src\Microservices\AuthenticationService\WebUI\WebUI.csproj", "{618B9701-9CF4-4C42-9136-85A8FB92C569}"
EndProject
Global
	GlobalSection(SolutionConfigurationPlatforms) = preSolution
		Debug|Any CPU = Debug|Any CPU
		Release|Any CPU = Release|Any CPU
	EndGlobalSection
	GlobalSection(ProjectConfigurationPlatforms) = postSolution
		{9C01FECF-50E0-45FE-A1F5-18E932FB1883}.Debug|Any CPU.ActiveCfg = Debug|Any CPU
		{9C01FECF-50E0-45FE-A1F5-18E932FB1883}.Debug|Any CPU.Build.0 = Debug|Any CPU
		{9C01FECF-50E0-45FE-A1F5-18E932FB1883}.Release|Any CPU.ActiveCfg = Release|Any CPU
		{9C01FECF-50E0-45FE-A1F5-18E932FB1883}.Release|Any CPU.Build.0 = Release|Any CPU
		{ACCCFFD5-9BD6-4951-BAC4-DCBF08F1D1DE}.Debug|Any CPU.ActiveCfg = Debug|Any CPU
		{ACCCFFD5-9BD6-4951-BAC4-DCBF08F1D1DE}.Debug|Any CPU.Build.0 = Debug|Any CPU
		{ACCCFFD5-9BD6-4951-BAC4-DCBF08F1D1DE}.Release|Any CPU.ActiveCfg = Release|Any CPU
		{ACCCFFD5-9BD6-4951-BAC4-DCBF08F1D1DE}.Release|Any CPU.Build.0 = Release|Any CPU
		{BE0B727F-612D-4CA0-AF17-D1F479316FB7}.Debug|Any CPU.ActiveCfg = Debug|Any CPU
		{BE0B727F-612D-4CA0-AF17-D1F479316FB7}.Debug|Any CPU.Build.0 = Debug|Any CPU
		{BE0B727F-612D-4CA0-AF17-D1F479316FB7}.Release|Any CPU.ActiveCfg = Release|Any CPU
		{BE0B727F-612D-4CA0-AF17-D1F479316FB7}.Release|Any CPU.Build.0 = Release|Any CPU
		{0005D456-AD57-4B5B-A453-D0B79465B171}.Debug|Any CPU.ActiveCfg = Debug|Any CPU
		{0005D456-AD57-4B5B-A453-D0B79465B171}.Debug|Any CPU.Build.0 = Debug|Any CPU
		{0005D456-AD57-4B5B-A453-D0B79465B171}.Release|Any CPU.ActiveCfg = Release|Any CPU
		{0005D456-AD57-4B5B-A453-D0B79465B171}.Release|Any CPU.Build.0 = Release|Any CPU
		{86DFE64F-6AA8-4887-96FE-E0D2BB2B8B41}.Debug|Any CPU.ActiveCfg = Debug|Any CPU
		{86DFE64F-6AA8-4887-96FE-E0D2BB2B8B41}.Debug|Any CPU.Build.0 = Debug|Any CPU
		{86DFE64F-6AA8-4887-96FE-E0D2BB2B8B41}.Release|Any CPU.ActiveCfg = Release|Any CPU
		{86DFE64F-6AA8-4887-96FE-E0D2BB2B8B41}.Release|Any CPU.Build.0 = Release|Any CPU
		{FCBD1B94-99A8-414D-943C-DB836B7045DD}.Debug|Any CPU.ActiveCfg = Debug|Any CPU
		{FCBD1B94-99A8-414D-943C-DB836B7045DD}.Debug|Any CPU.Build.0 = Debug|Any CPU
		{FCBD1B94-99A8-414D-943C-DB836B7045DD}.Release|Any CPU.ActiveCfg = Release|Any CPU
		{FCBD1B94-99A8-414D-943C-DB836B7045DD}.Release|Any CPU.Build.0 = Release|Any CPU
		{720DA465-FE2C-40EF-93E9-0FD34A29E683}.Debug|Any CPU.ActiveCfg = Debug|Any CPU
		{720DA465-FE2C-40EF-93E9-0FD34A29E683}.Debug|Any CPU.Build.0 = Debug|Any CPU
		{720DA465-FE2C-40EF-93E9-0FD34A29E683}.Release|Any CPU.ActiveCfg = Release|Any CPU
		{720DA465-FE2C-40EF-93E9-0FD34A29E683}.Release|Any CPU.Build.0 = Release|Any CPU
		{E7A3CA67-8D0B-4E54-98D2-6BACD831BE28}.Debug|Any CPU.ActiveCfg = Debug|Any CPU
		{E7A3CA67-8D0B-4E54-98D2-6BACD831BE28}.Debug|Any CPU.Build.0 = Debug|Any CPU
		{E7A3CA67-8D0B-4E54-98D2-6BACD831BE28}.Release|Any CPU.ActiveCfg = Release|Any CPU
		{E7A3CA67-8D0B-4E54-98D2-6BACD831BE28}.Release|Any CPU.Build.0 = Release|Any CPU
		{9E7D464A-82D7-49AF-BC95-994533A08FD1}.Debug|Any CPU.ActiveCfg = Debug|Any CPU
		{9E7D464A-82D7-49AF-BC95-994533A08FD1}.Debug|Any CPU.Build.0 = Debug|Any CPU
		{9E7D464A-82D7-49AF-BC95-994533A08FD1}.Release|Any CPU.ActiveCfg = Release|Any CPU
		{9E7D464A-82D7-49AF-BC95-994533A08FD1}.Release|Any CPU.Build.0 = Release|Any CPU
		{618B9701-9CF4-4C42-9136-85A8FB92C569}.Debug|Any CPU.ActiveCfg = Debug|Any CPU
		{618B9701-9CF4-4C42-9136-85A8FB92C569}.Debug|Any CPU.Build.0 = Debug|Any CPU
		{618B9701-9CF4-4C42-9136-85A8FB92C569}.Release|Any CPU.ActiveCfg = Release|Any CPU
		{618B9701-9CF4-4C42-9136-85A8FB92C569}.Release|Any CPU.Build.0 = Release|Any CPU
	EndGlobalSection
	GlobalSection(SolutionProperties) = preSolution
		HideSolutionNode = FALSE
	EndGlobalSection
	GlobalSection(NestedProjects) = preSolution
		{FC882EA8-2830-4820-897E-C7D07B6F9FB7} = {664A31C3-F419-4CA5-878D-E3939694303D}
		{3152A27A-9360-474F-8519-E3A11CFD6DB9} = {664A31C3-F419-4CA5-878D-E3939694303D}
		{46B47D92-1370-44C1-852E-EA2E999B522B} = {3152A27A-9360-474F-8519-E3A11CFD6DB9}
		{9C01FECF-50E0-45FE-A1F5-18E932FB1883} = {FC882EA8-2830-4820-897E-C7D07B6F9FB7}
		{ACCCFFD5-9BD6-4951-BAC4-DCBF08F1D1DE} = {46B47D92-1370-44C1-852E-EA2E999B522B}
		{BE0B727F-612D-4CA0-AF17-D1F479316FB7} = {46B47D92-1370-44C1-852E-EA2E999B522B}
		{0005D456-AD57-4B5B-A453-D0B79465B171} = {46B47D92-1370-44C1-852E-EA2E999B522B}
		{86DFE64F-6AA8-4887-96FE-E0D2BB2B8B41} = {46B47D92-1370-44C1-852E-EA2E999B522B}
		{2CBB46E9-4A4D-4C47-8742-18717FD4A43F} = {3152A27A-9360-474F-8519-E3A11CFD6DB9}
		{FCBD1B94-99A8-414D-943C-DB836B7045DD} = {2CBB46E9-4A4D-4C47-8742-18717FD4A43F}
		{720DA465-FE2C-40EF-93E9-0FD34A29E683} = {2CBB46E9-4A4D-4C47-8742-18717FD4A43F}
		{E7A3CA67-8D0B-4E54-98D2-6BACD831BE28} = {2CBB46E9-4A4D-4C47-8742-18717FD4A43F}
		{9E7D464A-82D7-49AF-BC95-994533A08FD1} = {2CBB46E9-4A4D-4C47-8742-18717FD4A43F}
		{618B9701-9CF4-4C42-9136-85A8FB92C569} = {2CBB46E9-4A4D-4C47-8742-18717FD4A43F}
	EndGlobalSection
	GlobalSection(ExtensibilityGlobals) = postSolution
		SolutionGuid = {5C27DCA8-6B00-49C4-97C9-F74D7554F3AD}
	EndGlobalSection
EndGlobal
